// !$*UTF8*$!
{
	archiveVersion = 1;
	classes = {
	};
	objectVersion = 54;
	objects = {

/* Begin PBXBuildFile section */
		00589C427C1DAE3236231B78 /* Constants.swift in Sources */ = {isa = PBXBuildFile; fileRef = 11DCE9BC1A86F9E000A25FB8 /* Constants.swift */; };
		0360BE3DD2798D47140DF2BE /* CommonFilterSheetView.swift in Sources */ = {isa = PBXBuildFile; fileRef = 119C80432F4CF06500304A1D /* CommonFilterSheetView.swift */; };
		06C68AAEA9EABE099DB7F774 /* Pods_70K_Bands.framework in Frameworks */ = {isa = PBXBuildFile; fileRef = FE3B5991B589286B7C27B395 /* Pods_70K_Bands.framework */; };
		0A2C25103E6350521DD46C61 /* webViewController.swift in Sources */ = {isa = PBXBuildFile; fileRef = 11BE68F41A59C45100602EC7 /* webViewController.swift */; };
		0BEBF7A7897EA8EA5C6E53F9 /* Images.xcassets in Resources */ = {isa = PBXBuildFile; fileRef = 1154F6171A575893003F4764 /* Images.xcassets */; };
		0CC5DB46614ACADB3E1B6302 /* UIConstants.swift in Sources */ = {isa = PBXBuildFile; fileRef = 116C9D7E2F415D370036743C /* UIConstants.swift */; };
		0F32DE048CE33D20A755B592 /* EventCSVImporter.swift in Sources */ = {isa = PBXBuildFile; fileRef = 11C62E8B2E6661F0000D9AF2 /* EventCSVImporter.swift */; };
		10FD48F38614F065AED40998 /* iCloudConstants.swift in Sources */ = {isa = PBXBuildFile; fileRef = 116C9D7D2F415D370036743C /* iCloudConstants.swift */; };
		1107C6C629293100002CEF9D /* Main.storyboard in Resources */ = {isa = PBXBuildFile; fileRef = 114CC0701C79204100CF5BF1 /* Main.storyboard */; };
		110924361F748601002237AB /* CustomBandDescription.swift in Sources */ = {isa = PBXBuildFile; fileRef = 110924351F748601002237AB /* CustomBandDescription.swift */; };
		110924371F748D19002237AB /* CustomBandDescription.swift in Sources */ = {isa = PBXBuildFile; fileRef = 110924351F748601002237AB /* CustomBandDescription.swift */; };
		110C07B11C98E50300F4C1D0 /* Localizable.strings in Resources */ = {isa = PBXBuildFile; fileRef = 1172A2251B5AADC900C28AB3 /* Localizable.strings */; };
		110C07B21C99FB7A00F4C1D0 /* ApiKeys.plist in Resources */ = {isa = PBXBuildFile; fileRef = 11AC1D7C1A682AF100267A8F /* ApiKeys.plist */; };
		110E084E2AECB6E200075618 /* DropDownCell.xib in Resources */ = {isa = PBXBuildFile; fileRef = 110E08472AECB6E100075618 /* DropDownCell.xib */; };
		110E084F2AECB6E200075618 /* DropDownCell.xib in Resources */ = {isa = PBXBuildFile; fileRef = 110E08472AECB6E100075618 /* DropDownCell.xib */; };
		110E08502AECB6E200075618 /* DropDown.swift in Sources */ = {isa = PBXBuildFile; fileRef = 110E08482AECB6E100075618 /* DropDown.swift */; };
		110E08512AECB6E200075618 /* DropDown.swift in Sources */ = {isa = PBXBuildFile; fileRef = 110E08482AECB6E100075618 /* DropDown.swift */; };
		110E08522AECB6E200075618 /* DPDKeyboardListener.swift in Sources */ = {isa = PBXBuildFile; fileRef = 110E08492AECB6E100075618 /* DPDKeyboardListener.swift */; };
		110E08532AECB6E200075618 /* DPDKeyboardListener.swift in Sources */ = {isa = PBXBuildFile; fileRef = 110E08492AECB6E100075618 /* DPDKeyboardListener.swift */; };
		110E08542AECB6E200075618 /* DropDown+Appearance.swift in Sources */ = {isa = PBXBuildFile; fileRef = 110E084A2AECB6E100075618 /* DropDown+Appearance.swift */; };
		110E08552AECB6E200075618 /* DropDown+Appearance.swift in Sources */ = {isa = PBXBuildFile; fileRef = 110E084A2AECB6E100075618 /* DropDown+Appearance.swift */; };
		110E08562AECB6E200075618 /* DPDConstants.swift in Sources */ = {isa = PBXBuildFile; fileRef = 110E084B2AECB6E100075618 /* DPDConstants.swift */; };
		110E08572AECB6E200075618 /* DPDConstants.swift in Sources */ = {isa = PBXBuildFile; fileRef = 110E084B2AECB6E100075618 /* DPDConstants.swift */; };
		110E08582AECB6E200075618 /* DPDUIView+Extension.swift in Sources */ = {isa = PBXBuildFile; fileRef = 110E084C2AECB6E200075618 /* DPDUIView+Extension.swift */; };
		110E08592AECB6E200075618 /* DPDUIView+Extension.swift in Sources */ = {isa = PBXBuildFile; fileRef = 110E084C2AECB6E200075618 /* DPDUIView+Extension.swift */; };
		110E085A2AECB6E200075618 /* DropDownCell.swift in Sources */ = {isa = PBXBuildFile; fileRef = 110E084D2AECB6E200075618 /* DropDownCell.swift */; };
		110E085B2AECB6E200075618 /* DropDownCell.swift in Sources */ = {isa = PBXBuildFile; fileRef = 110E084D2AECB6E200075618 /* DropDownCell.swift */; };
		110FA1612E3BAF7B003A0184 /* CombinedImageListHandler.swift in Sources */ = {isa = PBXBuildFile; fileRef = 110FA1602E3BAF7B003A0184 /* CombinedImageListHandler.swift */; };
		110FA1622E3BAF7B003A0184 /* CombinedImageListHandler.swift in Sources */ = {isa = PBXBuildFile; fileRef = 110FA1602E3BAF7B003A0184 /* CombinedImageListHandler.swift */; };
		11111FA720D03D77008E41F6 /* ShowAttendedReport.swift in Sources */ = {isa = PBXBuildFile; fileRef = 11111FA620D03D77008E41F6 /* ShowAttendedReport.swift */; };
		11111FA820D03DBF008E41F6 /* ShowAttendedReport.swift in Sources */ = {isa = PBXBuildFile; fileRef = 11111FA620D03D77008E41F6 /* ShowAttendedReport.swift */; };
		1115BAE21C978E88008F01BE /* OnMyWayToDeath.wav in Resources */ = {isa = PBXBuildFile; fileRef = 11DCE9BE1A87058000A25FB8 /* OnMyWayToDeath.wav */; };
		111608632F647C0D00B1B407 /* LaunchTiming.swift in Sources */ = {isa = PBXBuildFile; fileRef = 111608622F647C0D00B1B407 /* LaunchTiming.swift */; };
		111608642F647C0D00B1B407 /* LaunchTiming.swift in Sources */ = {isa = PBXBuildFile; fileRef = 111608622F647C0D00B1B407 /* LaunchTiming.swift */; };
		111608652F647C0D00B1B407 /* LaunchTiming.swift in Sources */ = {isa = PBXBuildFile; fileRef = 111608622F647C0D00B1B407 /* LaunchTiming.swift */; };
		1116C9D52F63033300E1ACC0 /* BinaryQRScanner in Frameworks */ = {isa = PBXBuildFile; productRef = 11E8A0622EE8A10008472A3 /* BinaryQRScanner */; };
		1116C9D62F63033300E1ACC1 /* BinaryQRScanner in Frameworks */ = {isa = PBXBuildFile; productRef = 11E8A0622EE8A10008472A3 /* BinaryQRScanner */; };
		111A13523D7FE3F5476A41D4 /* ShowsAttended.swift in Sources */ = {isa = PBXBuildFile; fileRef = 11AE985220CDFE890007C4E1 /* ShowsAttended.swift */; };
		111A936D2E4F8FAB00EA4ABD /* SwiftUITranslationHelper.swift in Sources */ = {isa = PBXBuildFile; fileRef = 111A936C2E4F8FAB00EA4ABD /* SwiftUITranslationHelper.swift */; };
		111A936E2E4F8FAB00EA4ABD /* SwiftUITranslationHelper.swift in Sources */ = {isa = PBXBuildFile; fileRef = 111A936C2E4F8FAB00EA4ABD /* SwiftUITranslationHelper.swift */; };
		1122E3EE23DC8E38005EE50D /* NetworkTesting.swift in Sources */ = {isa = PBXBuildFile; fileRef = 1122E3ED23DC8E38005EE50D /* NetworkTesting.swift */; };
		1129137B2EE618BE008472A3 /* SQLiteAttendanceManager.swift in Sources */ = {isa = PBXBuildFile; fileRef = 112913782EE618BE008472A3 /* SQLiteAttendanceManager.swift */; };
		1129137C2EE618BE008472A3 /* SQLiteiCloudSync.swift in Sources */ = {isa = PBXBuildFile; fileRef = 112913792EE618BE008472A3 /* SQLiteiCloudSync.swift */; };
		1129137F2EE618BE008472A3 /* SQLitePriorityManager.swift in Sources */ = {isa = PBXBuildFile; fileRef = 1129137A2EE618BE008472A3 /* SQLitePriorityManager.swift */; };
		112913802EE618BE008472A3 /* SQLiteAttendanceManager.swift in Sources */ = {isa = PBXBuildFile; fileRef = 112913782EE618BE008472A3 /* SQLiteAttendanceManager.swift */; };
		112913812EE618BE008472A3 /* SQLiteiCloudSync.swift in Sources */ = {isa = PBXBuildFile; fileRef = 112913792EE618BE008472A3 /* SQLiteiCloudSync.swift */; };
		112913842EE618BE008472A3 /* SQLitePriorityManager.swift in Sources */ = {isa = PBXBuildFile; fileRef = 1129137A2EE618BE008472A3 /* SQLitePriorityManager.swift */; };
		112913852EE618BE008472A3 /* SQLiteAttendanceManager.swift in Sources */ = {isa = PBXBuildFile; fileRef = 112913782EE618BE008472A3 /* SQLiteAttendanceManager.swift */; };
		112913862EE618BE008472A3 /* SQLiteiCloudSync.swift in Sources */ = {isa = PBXBuildFile; fileRef = 112913792EE618BE008472A3 /* SQLiteiCloudSync.swift */; };
		112913892EE618BE008472A3 /* SQLitePriorityManager.swift in Sources */ = {isa = PBXBuildFile; fileRef = 1129137A2EE618BE008472A3 /* SQLitePriorityManager.swift */; };
		1129138D2EE74F7F008472A3 /* SharedPreferencesManager.swift in Sources */ = {isa = PBXBuildFile; fileRef = 1129138B2EE74F7F008472A3 /* SharedPreferencesManager.swift */; };
		1129138E2EE74F7F008472A3 /* SharedPreferencesImportHandler.swift in Sources */ = {isa = PBXBuildFile; fileRef = 1129138A2EE74F7F008472A3 /* SharedPreferencesImportHandler.swift */; };
		1129138F2EE74F7F008472A3 /* SharingView.swift in Sources */ = {isa = PBXBuildFile; fileRef = 1129138C2EE74F7F008472A3 /* SharingView.swift */; };
		112913902EE74F7F008472A3 /* SharedPreferencesManager.swift in Sources */ = {isa = PBXBuildFile; fileRef = 1129138B2EE74F7F008472A3 /* SharedPreferencesManager.swift */; };
		112913912EE74F7F008472A3 /* SharedPreferencesImportHandler.swift in Sources */ = {isa = PBXBuildFile; fileRef = 1129138A2EE74F7F008472A3 /* SharedPreferencesImportHandler.swift */; };
		112913922EE74F7F008472A3 /* SharingView.swift in Sources */ = {isa = PBXBuildFile; fileRef = 1129138C2EE74F7F008472A3 /* SharingView.swift */; };
		112913932EE74F7F008472A3 /* SharedPreferencesManager.swift in Sources */ = {isa = PBXBuildFile; fileRef = 1129138B2EE74F7F008472A3 /* SharedPreferencesManager.swift */; };
		112913942EE74F7F008472A3 /* SharedPreferencesImportHandler.swift in Sources */ = {isa = PBXBuildFile; fileRef = 1129138A2EE74F7F008472A3 /* SharedPreferencesImportHandler.swift */; };
		112913952EE74F7F008472A3 /* SharingView.swift in Sources */ = {isa = PBXBuildFile; fileRef = 1129138C2EE74F7F008472A3 /* SharingView.swift */; };
		112913972EE77518008472A3 /* ProfileColorManager.swift in Sources */ = {isa = PBXBuildFile; fileRef = 112913962EE77518008472A3 /* ProfileColorManager.swift */; };
		112913982EE77518008472A3 /* ProfileColorManager.swift in Sources */ = {isa = PBXBuildFile; fileRef = 112913962EE77518008472A3 /* ProfileColorManager.swift */; };
		112913992EE77518008472A3 /* ProfileColorManager.swift in Sources */ = {isa = PBXBuildFile; fileRef = 112913962EE77518008472A3 /* ProfileColorManager.swift */; };
		1129139B2EE77A11008472A3 /* SQLiteProfileManager.swift in Sources */ = {isa = PBXBuildFile; fileRef = 1129139A2EE77A11008472A3 /* SQLiteProfileManager.swift */; };
		1129139C2EE77A11008472A3 /* SQLiteProfileManager.swift in Sources */ = {isa = PBXBuildFile; fileRef = 1129139A2EE77A11008472A3 /* SQLiteProfileManager.swift */; };
		1129139D2EE77A11008472A3 /* SQLiteProfileManager.swift in Sources */ = {isa = PBXBuildFile; fileRef = 1129139A2EE77A11008472A3 /* SQLiteProfileManager.swift */; };
		112913A22EE7D8B2008472A3 /* ProfileTutorialOverlay.swift in Sources */ = {isa = PBXBuildFile; fileRef = 1530C58547653A0C1AAAA76C /* ProfileTutorialOverlay.swift */; };
		112913A32EE7D8B2008472A3 /* ProfileTutorialOverlay.swift in Sources */ = {isa = PBXBuildFile; fileRef = 1530C58547653A0C1AAAA76C /* ProfileTutorialOverlay.swift */; };
		112913A42EE7D8C3008472A3 /* ProfilePickerViewController.swift in Sources */ = {isa = PBXBuildFile; fileRef = 080FE1E959C6EBF8BA8E5265 /* ProfilePickerViewController.swift */; };
		112913A52EE7D8C3008472A3 /* ProfilePickerViewController.swift in Sources */ = {isa = PBXBuildFile; fileRef = 080FE1E959C6EBF8BA8E5265 /* ProfilePickerViewController.swift */; };
		113EB92A2F243A4D00CE27BB /* DebugLogger.swift in Sources */ = {isa = PBXBuildFile; fileRef = 113EB9292F243A4D00CE27BB /* DebugLogger.swift */; };
		113EB92B2F243A4D00CE27BB /* DebugLogger.swift in Sources */ = {isa = PBXBuildFile; fileRef = 113EB9292F243A4D00CE27BB /* DebugLogger.swift */; };
		113EB92C2F243A4D00CE27BB /* DebugLogger.swift in Sources */ = {isa = PBXBuildFile; fileRef = 113EB9292F243A4D00CE27BB /* DebugLogger.swift */; };
		1145F0D52E69ED1A002B7511 /* CellDataCache.swift in Sources */ = {isa = PBXBuildFile; fileRef = 1145F0D42E69ED1A002B7511 /* CellDataCache.swift */; };
		1145F0D62E69ED1A002B7511 /* CellDataCache.swift in Sources */ = {isa = PBXBuildFile; fileRef = 1145F0D42E69ED1A002B7511 /* CellDataCache.swift */; };
		1145F0D72E69ED1A002B7511 /* CellDataCache.swift in Sources */ = {isa = PBXBuildFile; fileRef = 1145F0D42E69ED1A002B7511 /* CellDataCache.swift */; };
		1147D6D92E63A8C3000A98B0 /* DataModel.xcdatamodeld in Sources */ = {isa = PBXBuildFile; fileRef = 1147D6D72E63A8C3000A98B0 /* DataModel.xcdatamodeld */; };
		1147D6DA2E63A8C3000A98B0 /* DataModel.xcdatamodeld in Sources */ = {isa = PBXBuildFile; fileRef = 1147D6D72E63A8C3000A98B0 /* DataModel.xcdatamodeld */; };
		1147D6DB2E63A8C3000A98B0 /* DataModel.xcdatamodeld in Sources */ = {isa = PBXBuildFile; fileRef = 1147D6D72E63A8C3000A98B0 /* DataModel.xcdatamodeld */; };
		1147D6E12E63C549000A98B0 /* BandCSVImporter.swift in Sources */ = {isa = PBXBuildFile; fileRef = 1147D6DC2E63C549000A98B0 /* BandCSVImporter.swift */; };
		1147D6E42E63C549000A98B0 /* BandCSVImporter.swift in Sources */ = {isa = PBXBuildFile; fileRef = 1147D6DC2E63C549000A98B0 /* BandCSVImporter.swift */; };
		1147D6E72E63C549000A98B0 /* BandCSVImporter.swift in Sources */ = {isa = PBXBuildFile; fileRef = 1147D6DC2E63C549000A98B0 /* BandCSVImporter.swift */; };
		1147D6EC2E63C879000A98B0 /* BandDataManager.swift in Sources */ = {isa = PBXBuildFile; fileRef = 1147D6E82E63C879000A98B0 /* BandDataManager.swift */; };
		1147D6EF2E63C879000A98B0 /* BandDataManager.swift in Sources */ = {isa = PBXBuildFile; fileRef = 1147D6E82E63C879000A98B0 /* BandDataManager.swift */; };
		1147D6F22E63C879000A98B0 /* BandDataManager.swift in Sources */ = {isa = PBXBuildFile; fileRef = 1147D6E82E63C879000A98B0 /* BandDataManager.swift */; };
		1147D6FE2E63CF51000A98B0 /* BandNamesHandlerProtocol.swift in Sources */ = {isa = PBXBuildFile; fileRef = 1147D6FD2E63CF51000A98B0 /* BandNamesHandlerProtocol.swift */; };
		1147D7002E63CF51000A98B0 /* BandNamesHandlerProtocol.swift in Sources */ = {isa = PBXBuildFile; fileRef = 1147D6FD2E63CF51000A98B0 /* BandNamesHandlerProtocol.swift */; };
		1147D7022E63CF51000A98B0 /* BandNamesHandlerProtocol.swift in Sources */ = {isa = PBXBuildFile; fileRef = 1147D6FD2E63CF51000A98B0 /* BandNamesHandlerProtocol.swift */; };
		1147D70E2E63E33C000A98B0 /* PriorityManager.swift in Sources */ = {isa = PBXBuildFile; fileRef = 1147D70C2E63E33C000A98B0 /* PriorityManager.swift */; };
		1147D7102E63E33C000A98B0 /* PriorityManager.swift in Sources */ = {isa = PBXBuildFile; fileRef = 1147D70C2E63E33C000A98B0 /* PriorityManager.swift */; };
		1147D7122E63E33C000A98B0 /* PriorityManager.swift in Sources */ = {isa = PBXBuildFile; fileRef = 1147D70C2E63E33C000A98B0 /* PriorityManager.swift */; };
		114B5C092E468DCE0030CA9D /* BandDescriptionTranslator.swift in Sources */ = {isa = PBXBuildFile; fileRef = 114B5C082E468DCE0030CA9D /* BandDescriptionTranslator.swift */; };
		114B5C0A2E468DCE0030CA9D /* BandDescriptionTranslator.swift in Sources */ = {isa = PBXBuildFile; fileRef = 114B5C082E468DCE0030CA9D /* BandDescriptionTranslator.swift */; };
		114CC0761C79219D00CF5BF1 /* Images.xcassets in Resources */ = {isa = PBXBuildFile; fileRef = 1154F6171A575893003F4764 /* Images.xcassets */; };
		114CC0781C7921E000CF5BF1 /* Settings.bundle in Resources */ = {isa = PBXBuildFile; fileRef = 114F63AB1A84678D00584AD0 /* Settings.bundle */; };
		115213292A69E23C0017DD9F /* variableStore.swift in Sources */ = {isa = PBXBuildFile; fileRef = 115213282A69E23C0017DD9F /* variableStore.swift */; };
		1152132A2A69E23C0017DD9F /* variableStore.swift in Sources */ = {isa = PBXBuildFile; fileRef = 115213282A69E23C0017DD9F /* variableStore.swift */; };
		1154F60C1A575893003F4764 /* AppDelegate.swift in Sources */ = {isa = PBXBuildFile; fileRef = 1154F60B1A575893003F4764 /* AppDelegate.swift */; };
		1154F60F1A575893003F4764 /* _0000TonsBands.xcdatamodeld in Sources */ = {isa = PBXBuildFile; fileRef = 1154F60D1A575893003F4764 /* _0000TonsBands.xcdatamodeld */; };
		1154F6111A575893003F4764 /* MasterViewController.swift in Sources */ = {isa = PBXBuildFile; fileRef = 1154F6101A575893003F4764 /* MasterViewController.swift */; };
		1154F6271A575893003F4764 /* _0000TonsBandsTests.swift in Sources */ = {isa = PBXBuildFile; fileRef = 1154F6261A575893003F4764 /* _0000TonsBandsTests.swift */; };
		1154F6311A5758BF003F4764 /* imageHandler.swift in Sources */ = {isa = PBXBuildFile; fileRef = 1154F6301A5758BF003F4764 /* imageHandler.swift */; };
		1154F6331A5758D3003F4764 /* bandNamesHandler.swift in Sources */ = {isa = PBXBuildFile; fileRef = 1154F6321A5758D3003F4764 /* bandNamesHandler.swift */; };
		1155E3A41A8B0A0700D51ED9 /* bandNamesTest.swift in Sources */ = {isa = PBXBuildFile; fileRef = 1155E3A21A8B0A0400D51ED9 /* bandNamesTest.swift */; };
		1155E3A51A8B121000D51ED9 /* bandNamesHandler.swift in Sources */ = {isa = PBXBuildFile; fileRef = 1154F6321A5758D3003F4764 /* bandNamesHandler.swift */; };
		1155E3A61A8B121000D51ED9 /* Constants.swift in Sources */ = {isa = PBXBuildFile; fileRef = 11DCE9BC1A86F9E000A25FB8 /* Constants.swift */; };
		1155E3A71A8B121000D51ED9 /* dataHandler.swift in Sources */ = {isa = PBXBuildFile; fileRef = 11DAB49A1A5DDA9400A8B12E /* dataHandler.swift */; };
		1155E3A91A8B121000D51ED9 /* guiIcons.swift in Sources */ = {isa = PBXBuildFile; fileRef = 1156B4F21A660BE500D48D12 /* guiIcons.swift */; };
		1155E3AA1A8B121000D51ED9 /* httpHandler.swift in Sources */ = {isa = PBXBuildFile; fileRef = 11C8BDC71A7D264F00037F2B /* httpHandler.swift */; };
		1155E3AB1A8B121000D51ED9 /* mainListController.swift in Sources */ = {isa = PBXBuildFile; fileRef = 11DCE9B31A856EE600A25FB8 /* mainListController.swift */; };
		1155E3AD1A8B121000D51ED9 /* urlStorage.swift in Sources */ = {isa = PBXBuildFile; fileRef = 1156B4F41A6613E700D48D12 /* urlStorage.swift */; };
		1155E3AF1A8B121000D51ED9 /* webViewController.swift in Sources */ = {isa = PBXBuildFile; fileRef = 11BE68F41A59C45100602EC7 /* webViewController.swift */; };
		1155E3B01A8B126500D51ED9 /* AppDelegate.swift in Sources */ = {isa = PBXBuildFile; fileRef = 1154F60B1A575893003F4764 /* AppDelegate.swift */; };
		1155E3B11A8B126500D51ED9 /* CSV.swift in Sources */ = {isa = PBXBuildFile; fileRef = 11C8BDC91A7D398400037F2B /* CSV.swift */; };
		1155E3B31A8B126500D51ED9 /* imageHandler.swift in Sources */ = {isa = PBXBuildFile; fileRef = 1154F6301A5758BF003F4764 /* imageHandler.swift */; };
		1155E3B41A8B126500D51ED9 /* localNotificationHandler.swift in Sources */ = {isa = PBXBuildFile; fileRef = 11DCE9B51A85B9FF00A25FB8 /* localNotificationHandler.swift */; };
		1155E3B51A8B126500D51ED9 /* MasterViewController.swift in Sources */ = {isa = PBXBuildFile; fileRef = 1154F6101A575893003F4764 /* MasterViewController.swift */; };
		1155E3B61A8B126500D51ED9 /* OnMyWayToDeath.wav in Resources */ = {isa = PBXBuildFile; fileRef = 11DCE9BE1A87058000A25FB8 /* OnMyWayToDeath.wav */; };
		1155E3BA1A8B20BF00D51ED9 /* scheduleHandlerTest.swift in Sources */ = {isa = PBXBuildFile; fileRef = 1155E3B91A8B20BF00D51ED9 /* scheduleHandlerTest.swift */; };
		11563F1024A567B40075CC84 /* WebKit.framework in Frameworks */ = {isa = PBXBuildFile; fileRef = 11274945242D044800B8E1B8 /* WebKit.framework */; };
		1156B4F31A660BE500D48D12 /* guiIcons.swift in Sources */ = {isa = PBXBuildFile; fileRef = 1156B4F21A660BE500D48D12 /* guiIcons.swift */; };
		1156B4F51A6613E700D48D12 /* urlStorage.swift in Sources */ = {isa = PBXBuildFile; fileRef = 1156B4F41A6613E700D48D12 /* urlStorage.swift */; };
		115B64B3292AC95800DF2313 /* UILaunchScreen.xib in Resources */ = {isa = PBXBuildFile; fileRef = 1154F6191A575893003F4764 /* UILaunchScreen.xib */; };
		115B64B4292ACD6400DF2313 /* UILaunchScreen.xib in Resources */ = {isa = PBXBuildFile; fileRef = 1154F6191A575893003F4764 /* UILaunchScreen.xib */; };
		115C127A3000A5EF007EA9A1 /* EventManager.swift in Sources */ = {isa = PBXBuildFile; fileRef = 11C62E872E6661C9000D9AF2 /* EventManager.swift */; };
		115C127B3000A5EF007EA9A1 /* UtilityHandler.swift in Sources */ = {isa = PBXBuildFile; fileRef = 11ED61801A9103C100D29A5B /* UtilityHandler.swift */; };
		115C127C3000A5EF007EA9A1 /* ToastMessages.swift in Sources */ = {isa = PBXBuildFile; fileRef = 1187BE1120D6AFC8002F070F /* ToastMessages.swift */; };
		115C127D3000A5EF007EA9A1 /* BandDataManager.swift in Sources */ = {isa = PBXBuildFile; fileRef = 1147D6E82E63C879000A98B0 /* BandDataManager.swift */; };
		115C127E3000A5EF007EA9A1 /* imageHandler.swift in Sources */ = {isa = PBXBuildFile; fileRef = 1154F6301A5758BF003F4764 /* imageHandler.swift */; };
		115C127F3000A5EF007EA9A1 /* preferenceDefault.swift in Sources */ = {isa = PBXBuildFile; fileRef = 1172EE552E5A292E006E3596 /* preferenceDefault.swift */; };
		115C12803000A5EF007EA9A1 /* ConfigurationTest.swift in Sources */ = {isa = PBXBuildFile; fileRef = 1172EE512E5A292E006E3596 /* ConfigurationTest.swift */; };
		115C12813000A5EF007EA9A1 /* DataManager.swift in Sources */ = {isa = PBXBuildFile; fileRef = 11895B962EE4C8EB008CC4A9 /* DataManager.swift */; };
		115C12823000A5EF007EA9A1 /* ProfilePickerViewController.swift in Sources */ = {isa = PBXBuildFile; fileRef = 080FE1E959C6EBF8BA8E5265 /* ProfilePickerViewController.swift */; };
		115C12833000A5EF007EA9A1 /* FestivalConfig.swift in Sources */ = {isa = PBXBuildFile; fileRef = 1172EE522E5A292E006E3596 /* FestivalConfig.swift */; };
		115C12843000A5EF007EA9A1 /* FestivalConfigLoader.swift in Sources */ = {isa = PBXBuildFile; fileRef = F1E2A0012E5A292E006E3596 /* FestivalConfigLoader.swift */; };
		115C12853000A5EF007EA9A1 /* DataIntegrityTag.swift in Sources */ = {isa = PBXBuildFile; fileRef = F1E2B0112E5A292E006E3596 /* DataIntegrityTag.swift */; };
		115C12863000A5EF007EA9A1 /* CommonFilterSheetView.swift in Sources */ = {isa = PBXBuildFile; fileRef = 119C80432F4CF06500304A1D /* CommonFilterSheetView.swift */; };
		115C12873000A5EF007EA9A1 /* SwiftUITranslationHelper.swift in Sources */ = {isa = PBXBuildFile; fileRef = 111A936C2E4F8FAB00EA4ABD /* SwiftUITranslationHelper.swift */; };
		115C12883000A5EF007EA9A1 /* userDataHandler.swift in Sources */ = {isa = PBXBuildFile; fileRef = 11ABAA5F222C7EFF00A04397 /* userDataHandler.swift */; };
		115C12893000A5EF007EA9A1 /* firebaseBandDataWrite.swift in Sources */ = {isa = PBXBuildFile; fileRef = 11D4844A2241DA0C00910878 /* firebaseBandDataWrite.swift */; };
		115C128A3000A5EF007EA9A1 /* SortFilterMenuController.swift in Sources */ = {isa = PBXBuildFile; fileRef = 11942FD31D0CE33D0078A422 /* SortFilterMenuController.swift */; };
		115C128B3000A5EF007EA9A1 /* ShowsAttended.swift in Sources */ = {isa = PBXBuildFile; fileRef = 11AE985220CDFE890007C4E1 /* ShowsAttended.swift */; };
		115C128C3000A5EF007EA9A1 /* DataModels.swift in Sources */ = {isa = PBXBuildFile; fileRef = 11895BA22EE4F0DB008CC4A9 /* DataModels.swift */; };
		115C128D3000A5EF007EA9A1 /* CustomListEntry.swift in Sources */ = {isa = PBXBuildFile; fileRef = 119434B32B1FCFA000DA3F87 /* CustomListEntry.swift */; };
		115C128E3000A5EF007EA9A1 /* AboutView.swift in Sources */ = {isa = PBXBuildFile; fileRef = 11EB86AA2F3530C8007D5AD0 /* AboutView.swift */; };
		115C128F3000A5EF007EA9A1 /* LaunchTiming.swift in Sources */ = {isa = PBXBuildFile; fileRef = 111608622F647C0D00B1B407 /* LaunchTiming.swift */; };
		115C12903000A5EF007EA9A1 /* variableStore.swift in Sources */ = {isa = PBXBuildFile; fileRef = 115213282A69E23C0017DD9F /* variableStore.swift */; };
		115C12913000A5EF007EA9A1 /* Constants.swift in Sources */ = {isa = PBXBuildFile; fileRef = 11DCE9BC1A86F9E000A25FB8 /* Constants.swift */; };
		115C12923000A5EF007EA9A1 /* DropDownCell.swift in Sources */ = {isa = PBXBuildFile; fileRef = 110E084D2AECB6E200075618 /* DropDownCell.swift */; };
		115C12933000A5EF007EA9A1 /* AIScheduleStorage.swift in Sources */ = {isa = PBXBuildFile; fileRef = 115F0DD22F551DE7003CD82C /* AIScheduleStorage.swift */; };
		115C12943000A5EF007EA9A1 /* AttendanceManager.swift in Sources */ = {isa = PBXBuildFile; fileRef = 11E2F2432E8D78530004D6F4 /* AttendanceManager.swift */; };
		115C12953000A5EF007EA9A1 /* iCloudDataHandler.swift in Sources */ = {isa = PBXBuildFile; fileRef = 119A867322D12FA700D23233 /* iCloudDataHandler.swift */; };
		115C12963000A5EF007EA9A1 /* firebaseUserWrite.swift in Sources */ = {isa = PBXBuildFile; fileRef = 11D4844422418A9E00910878 /* firebaseUserWrite.swift */; };
		115C12973000A5EF007EA9A1 /* SQLiteDataManager.swift in Sources */ = {isa = PBXBuildFile; fileRef = 11895B9B2EE4D4F1008CC4A9 /* SQLiteDataManager.swift */; };
		115C12983000A5EF007EA9A1 /* firebaseEventDataWrite.swift in Sources */ = {isa = PBXBuildFile; fileRef = 11D4844D2241DED700910878 /* firebaseEventDataWrite.swift */; };
		115C12993000A5EF007EA9A1 /* webViewController.swift in Sources */ = {isa = PBXBuildFile; fileRef = 11BE68F41A59C45100602EC7 /* webViewController.swift */; };
		115C129A3000A5EF007EA9A1 /* FilePaths.swift in Sources */ = {isa = PBXBuildFile; fileRef = 116C9D7C2F415D370036743C /* FilePaths.swift */; };
		115C129B3000A5EF007EA9A1 /* CSVFields.swift in Sources */ = {isa = PBXBuildFile; fileRef = 116C9D7A2F415D370036743C /* CSVFields.swift */; };
		115C129C3000A5EF007EA9A1 /* VenueConstants.swift in Sources */ = {isa = PBXBuildFile; fileRef = 116C9D7F2F415D370036743C /* VenueConstants.swift */; };
		115C129D3000A5EF007EA9A1 /* EventTypes.swift in Sources */ = {isa = PBXBuildFile; fileRef = 116C9D7B2F415D370036743C /* EventTypes.swift */; };
		115C129E3000A5EF007EA9A1 /* iCloudConstants.swift in Sources */ = {isa = PBXBuildFile; fileRef = 116C9D7D2F415D370036743C /* iCloudConstants.swift */; };
		115C129F3000A5EF007EA9A1 /* UIConstants.swift in Sources */ = {isa = PBXBuildFile; fileRef = 116C9D7E2F415D370036743C /* UIConstants.swift */; };
		115C12A03000A5EF007EA9A1 /* YearManagementService.swift in Sources */ = {isa = PBXBuildFile; fileRef = 116C9D802F415D370036743D /* YearManagementService.swift */; };
		115C12A13000A5EF007EA9A1 /* MasterViewModel.swift in Sources */ = {isa = PBXBuildFile; fileRef = 116C9D812F415D370036743E /* MasterViewModel.swift */; };
		115C12A23000A5EF007EA9A1 /* MasterViewCacheManager.swift in Sources */ = {isa = PBXBuildFile; fileRef = 116C9D822F415D370036743F /* MasterViewCacheManager.swift */; };
		115C12A33000A5EF007EA9A1 /* MasterViewUIManager.swift in Sources */ = {isa = PBXBuildFile; fileRef = 116C9D832F415D3700367440 /* MasterViewUIManager.swift */; };
		115C12A43000A5EF007EA9A1 /* MasterViewYearChangeCoordinator.swift in Sources */ = {isa = PBXBuildFile; fileRef = 116C9DA42F415D3700367442 /* MasterViewYearChangeCoordinator.swift */; };
		115C12A53000A5EF007EA9A1 /* MasterViewLandscapeScheduleCoordinator.swift in Sources */ = {isa = PBXBuildFile; fileRef = 116C9DB52F415D3700367447 /* MasterViewLandscapeScheduleCoordinator.swift */; };
		115C12A63000A5EF007EA9A1 /* AppState.swift in Sources */ = {isa = PBXBuildFile; fileRef = 116C9D792F415D370036743C /* AppState.swift */; };
		115C12A73000A5EF007EA9A1 /* CompactActionSheetViewController.swift in Sources */ = {isa = PBXBuildFile; fileRef = 11CC7FB82F3FD2CD005DF9CC /* CompactActionSheetViewController.swift */; };
		115C12A83000A5EF007EA9A1 /* BandSelectionViewController.swift in Sources */ = {isa = PBXBuildFile; fileRef = 11CC7FBC2F3FD2CD005DF9CC /* BandSelectionViewController.swift */; };
		115C12A93000A5EF007EA9A1 /* DropDown.swift in Sources */ = {isa = PBXBuildFile; fileRef = 110E08482AECB6E100075618 /* DropDown.swift */; };
		115C12AA3000A5EF007EA9A1 /* CSV.swift in Sources */ = {isa = PBXBuildFile; fileRef = 11C8BDC91A7D398400037F2B /* CSV.swift */; };
		115C12AB3000A5EF007EA9A1 /* CombinedImageListHandler.swift in Sources */ = {isa = PBXBuildFile; fileRef = 110FA1602E3BAF7B003A0184 /* CombinedImageListHandler.swift */; };
		115C12AC3000A5EF007EA9A1 /* dataHandler.swift in Sources */ = {isa = PBXBuildFile; fileRef = 11DAB49A1A5DDA9400A8B12E /* dataHandler.swift */; };
		115C12AD3000A5EF007EA9A1 /* DPDKeyboardListener.swift in Sources */ = {isa = PBXBuildFile; fileRef = 110E08492AECB6E100075618 /* DPDKeyboardListener.swift */; };
		115C12AE3000A5EF007EA9A1 /* DPDConstants.swift in Sources */ = {isa = PBXBuildFile; fileRef = 110E084B2AECB6E100075618 /* DPDConstants.swift */; };
		115C12AF3000A5EF007EA9A1 /* SQLiteProfileManager.swift in Sources */ = {isa = PBXBuildFile; fileRef = 1129139A2EE77A11008472A3 /* SQLiteProfileManager.swift */; };
		115C12B03000A5EF007EA9A1 /* ShowAttendedReport.swift in Sources */ = {isa = PBXBuildFile; fileRef = 11111FA620D03D77008E41F6 /* ShowAttendedReport.swift */; };
		115C12B13000A5EF007EA9A1 /* _0000TonsBands.xcdatamodeld in Sources */ = {isa = PBXBuildFile; fileRef = 1154F60D1A575893003F4764 /* _0000TonsBands.xcdatamodeld */; };
		115C12B23000A5EF007EA9A1 /* PortraitFilterSheetView.swift in Sources */ = {isa = PBXBuildFile; fileRef = 119C803C2F4CEB5700304A1D /* PortraitFilterSheetView.swift */; };
		115C12B33000A5EF007EA9A1 /* DataModel.xcdatamodeld in Sources */ = {isa = PBXBuildFile; fileRef = 1147D6D72E63A8C3000A98B0 /* DataModel.xcdatamodeld */; };
		115C12B43000A5EF007EA9A1 /* DetailHostingController.swift in Sources */ = {isa = PBXBuildFile; fileRef = 1175C9382E4D2C5A0074E2F2 /* DetailHostingController.swift */; };
		115C12B53000A5EF007EA9A1 /* SQLiteAttendanceManager.swift in Sources */ = {isa = PBXBuildFile; fileRef = 112913782EE618BE008472A3 /* SQLiteAttendanceManager.swift */; };
		115C12B63000A5EF007EA9A1 /* SQLiteiCloudSync.swift in Sources */ = {isa = PBXBuildFile; fileRef = 112913792EE618BE008472A3 /* SQLiteiCloudSync.swift */; };
		115C12B73000A5EF007EA9A1 /* DebugLogger.swift in Sources */ = {isa = PBXBuildFile; fileRef = 113EB9292F243A4D00CE27BB /* DebugLogger.swift */; };
		115C12B83000A5EF007EA9A1 /* SQLitePriorityManager.swift in Sources */ = {isa = PBXBuildFile; fileRef = 1129137A2EE618BE008472A3 /* SQLitePriorityManager.swift */; };
		115C12B93000A5EF007EA9A1 /* DetailView.swift in Sources */ = {isa = PBXBuildFile; fileRef = 1175C9392E4D2C5A0074E2F2 /* DetailView.swift */; };
		115C12BA3000A5EF007EA9A1 /* DetailViewModel.swift in Sources */ = {isa = PBXBuildFile; fileRef = 1175C93A2E4D2C5A0074E2F2 /* DetailViewModel.swift */; };
		115C12BB3000A5EF007EA9A1 /* DetailProfileBypassBandNames.swift in Sources */ = {isa = PBXBuildFile; fileRef = 11FAC0012FEF20260507A001 /* DetailProfileBypassBandNames.swift */; };
		115C12BC3000A5EF007EA9A1 /* DeviceSizeManager.swift in Sources */ = {isa = PBXBuildFile; fileRef = 1175C93A2E4D2C5A0074E2F3 /* DeviceSizeManager.swift */; };
		115C12BD3000A5EF007EA9A1 /* LandscapeScheduleView.swift in Sources */ = {isa = PBXBuildFile; fileRef = 8CA018E4476A45C994ED91C0 /* LandscapeScheduleView.swift */; };
		115C12BE3000A5EF007EA9A1 /* LandscapeScheduleViewModel.swift in Sources */ = {isa = PBXBuildFile; fileRef = 8DDB7E0B0AC440BA94B56DBD /* LandscapeScheduleViewModel.swift */; };
		115C12BF3000A5EF007EA9A1 /* BandDescriptionTranslator.swift in Sources */ = {isa = PBXBuildFile; fileRef = 114B5C082E468DCE0030CA9D /* BandDescriptionTranslator.swift */; };
		115C12C03000A5EF007EA9A1 /* BandNamesHandlerProtocol.swift in Sources */ = {isa = PBXBuildFile; fileRef = 1147D6FD2E63CF51000A98B0 /* BandNamesHandlerProtocol.swift */; };
		115C12C13000A5EF007EA9A1 /* PreferencesHostingController.swift in Sources */ = {isa = PBXBuildFile; fileRef = 11615BB02E4644ED007BD3D5 /* PreferencesHostingController.swift */; };
		115C12C23000A5EF007EA9A1 /* BandCSVImporter.swift in Sources */ = {isa = PBXBuildFile; fileRef = 1147D6DC2E63C549000A98B0 /* BandCSVImporter.swift */; };
		115C12C33000A5EF007EA9A1 /* AutoChooseAttendanceWizardView.swift in Sources */ = {isa = PBXBuildFile; fileRef = 11C061EC2F55FDAA0037A875 /* AutoChooseAttendanceWizardView.swift */; };
		115C12C43000A5EF007EA9A1 /* PreferencesViewModel.swift in Sources */ = {isa = PBXBuildFile; fileRef = 11615BB22E4644ED007BD3D5 /* PreferencesViewModel.swift */; };
		115C12C53000A5EF007EA9A1 /* PreferencesView.swift in Sources */ = {isa = PBXBuildFile; fileRef = 11615BB12E4644ED007BD3D5 /* PreferencesView.swift */; };
		115C12C63000A5EF007EA9A1 /* AppDelegate.swift in Sources */ = {isa = PBXBuildFile; fileRef = 1154F60B1A575893003F4764 /* AppDelegate.swift */; };
		115C12C73000A5EF007EA9A1 /* Reachability.swift in Sources */ = {isa = PBXBuildFile; fileRef = 1169374420F555CD00038DA5 /* Reachability.swift */; };
		115C12C83000A5EF007EA9A1 /* ProfileColorManager.swift in Sources */ = {isa = PBXBuildFile; fileRef = 112913962EE77518008472A3 /* ProfileColorManager.swift */; };
		115C12C93000A5EF007EA9A1 /* bandNamesHandler.swift in Sources */ = {isa = PBXBuildFile; fileRef = 1154F6321A5758D3003F4764 /* bandNamesHandler.swift */; };
		115C12CA3000A5EF007EA9A1 /* SharedPreferencesManager.swift in Sources */ = {isa = PBXBuildFile; fileRef = 1129138B2EE74F7F008472A3 /* SharedPreferencesManager.swift */; };
		115C12CB3000A5EF007EA9A1 /* SharedPreferencesImportHandler.swift in Sources */ = {isa = PBXBuildFile; fileRef = 1129138A2EE74F7F008472A3 /* SharedPreferencesImportHandler.swift */; };
		115C12CC3000A5EF007EA9A1 /* SharingView.swift in Sources */ = {isa = PBXBuildFile; fileRef = 1129138C2EE74F7F008472A3 /* SharingView.swift */; };
		115C12CD3000A5EF007EA9A1 /* mainListController.swift in Sources */ = {isa = PBXBuildFile; fileRef = 11DCE9B31A856EE600A25FB8 /* mainListController.swift */; };
		115C12CE3000A5EF007EA9A1 /* localNotificationHandler.swift in Sources */ = {isa = PBXBuildFile; fileRef = 11DCE9B51A85B9FF00A25FB8 /* localNotificationHandler.swift */; };
		115C12CF3000A5EF007EA9A1 /* urlStorage.swift in Sources */ = {isa = PBXBuildFile; fileRef = 1156B4F41A6613E700D48D12 /* urlStorage.swift */; };
		115C12D03000A5EF007EA9A1 /* EventCSVImporter.swift in Sources */ = {isa = PBXBuildFile; fileRef = 11C62E8B2E6661F0000D9AF2 /* EventCSVImporter.swift */; };
		115C12D13000A5EF007EA9A1 /* NetworkTesting.swift in Sources */ = {isa = PBXBuildFile; fileRef = 1122E3ED23DC8E38005EE50D /* NetworkTesting.swift */; };
		115C12D23000A5EF007EA9A1 /* MasterViewController.swift in Sources */ = {isa = PBXBuildFile; fileRef = 1154F6101A575893003F4764 /* MasterViewController.swift */; };
		115C12D33000A5EF007EA9A1 /* AIScheduleBuilder.swift in Sources */ = {isa = PBXBuildFile; fileRef = 115F0DCA2F551A76003CD82C /* AIScheduleBuilder.swift */; };
		115C12D43000A5EF007EA9A1 /* CreateAIScheduleSheet.swift in Sources */ = {isa = PBXBuildFile; fileRef = 115F0DCB2F551A76003CD82C /* CreateAIScheduleSheet.swift */; };
		115C12D53000A5EF007EA9A1 /* AutoScheduleWizardManager.swift in Sources */ = {isa = PBXBuildFile; fileRef = A1B2C3D4E5F60718293A4B5B /* AutoScheduleWizardManager.swift */; };
		115C12D63000A5EF007EA9A1 /* MinimumVersionWarningManager.swift in Sources */ = {isa = PBXBuildFile; fileRef = B0B1C2D3E4F5061728394A5B /* MinimumVersionWarningManager.swift */; };
		115C12D73000A5EF007EA9A1 /* SharedCommentsSettings.swift in Sources */ = {isa = PBXBuildFile; fileRef = C0C1C2D3E4F5061728394B0B /* SharedCommentsSettings.swift */; };
		115C12D83000A5EF007EA9A1 /* firebaseSharedCommentsWrite.swift in Sources */ = {isa = PBXBuildFile; fileRef = C0C1C2D3E4F5061728394B0C /* firebaseSharedCommentsWrite.swift */; };
		115C12D93000A5EF007EA9A1 /* DropDown+Appearance.swift in Sources */ = {isa = PBXBuildFile; fileRef = 110E084A2AECB6E100075618 /* DropDown+Appearance.swift */; };
		115C12DA3000A5EF007EA9A1 /* httpHandler.swift in Sources */ = {isa = PBXBuildFile; fileRef = 11C8BDC71A7D264F00037F2B /* httpHandler.swift */; };
		115C12DB3000A5EF007EA9A1 /* DPDUIView+Extension.swift in Sources */ = {isa = PBXBuildFile; fileRef = 110E084C2AECB6E200075618 /* DPDUIView+Extension.swift */; };
		115C12DC3000A5EF007EA9A1 /* guiIcons.swift in Sources */ = {isa = PBXBuildFile; fileRef = 1156B4F21A660BE500D48D12 /* guiIcons.swift */; };
		115C12DD3000A5EF007EA9A1 /* Settings70k.swift in Sources */ = {isa = PBXBuildFile; fileRef = 11E4EDA92ACBAE5E0036D002 /* Settings70k.swift */; };
		115C12DE3000A5EF007EA9A1 /* countryHandler.swift in Sources */ = {isa = PBXBuildFile; fileRef = 11D05AAC291C545000D5B002 /* countryHandler.swift */; };
		115C12DF3000A5EF007EA9A1 /* CustomBandDescription.swift in Sources */ = {isa = PBXBuildFile; fileRef = 110924351F748601002237AB /* CustomBandDescription.swift */; };
		115C12E03000A5EF007EA9A1 /* PriorityManager.swift in Sources */ = {isa = PBXBuildFile; fileRef = 1147D70C2E63E33C000A98B0 /* PriorityManager.swift */; };
		115C12E13000A5EF007EA9A1 /* CellDataCache.swift in Sources */ = {isa = PBXBuildFile; fileRef = 1145F0D42E69ED1A002B7511 /* CellDataCache.swift */; };
		115C12E23000A5EF007EA9A1 /* DataCollectionCoordinator.swift in Sources */ = {isa = PBXBuildFile; fileRef = 11C62E7B2E64B9EE000D9AF2 /* DataCollectionCoordinator.swift */; };
		115C12E33000A5EF007EA9A1 /* ScheduleCSVImporter.swift in Sources */ = {isa = PBXBuildFile; fileRef = 11C62E7C2E64B9EE000D9AF2 /* ScheduleCSVImporter.swift */; };
		115C12E43000A5EF007EA9A1 /* ScheduleQRCompression.swift in Sources */ = {isa = PBXBuildFile; fileRef = 11E8A0012EE8A10008472A3 /* ScheduleQRCompression.swift */; };
		115C12E53000A5EF007EA9A1 /* ScheduleQRCodeViewController.swift in Sources */ = {isa = PBXBuildFile; fileRef = 11E8A0112EE8A10008472A3 /* ScheduleQRCodeViewController.swift */; };
		115C12E63000A5EF007EA9A1 /* ScheduleQRScannerViewController.swift in Sources */ = {isa = PBXBuildFile; fileRef = 11E8A0212EE8A10008472A3 /* ScheduleQRScannerViewController.swift */; };
		115C12E73000A5EF007EA9A1 /* ScheduleBinaryQRScannerView.swift in Sources */ = {isa = PBXBuildFile; fileRef = 11E8A0512EE8A10008472A3 /* ScheduleBinaryQRScannerView.swift */; };
		115C12E83000A5EF007EA9A1 /* ScheduleQRGuideLink.swift in Sources */ = {isa = PBXBuildFile; fileRef = 11E8A0712EE8A10008472A3 /* ScheduleQRGuideLink.swift */; };
		115C12E93000A5EF007EA9A1 /* ProfileTutorialOverlay.swift in Sources */ = {isa = PBXBuildFile; fileRef = 1530C58547653A0C1AAAA76C /* ProfileTutorialOverlay.swift */; };
		115C12EA3000A5EF007EA9A1 /* scheduleHandler.swift in Sources */ = {isa = PBXBuildFile; fileRef = 11C8BDC51A7D25E700037F2B /* scheduleHandler.swift */; };
		115C12EB3000A5EF007EA9A1 /* FirebaseWriteMonitor.swift in Sources */ = {isa = PBXBuildFile; fileRef = 11D5EA122F74C58400F498DE /* FirebaseWriteMonitor.swift */; };
		115C12EC3000A5EF007EA9A1 /* Foundation.framework in Frameworks */ = {isa = PBXBuildFile; fileRef = DD4175EFC5176744994D3FE6 /* Foundation.framework */; };
		115C12ED3000A5EF007EA9A1 /* UserNotifications.framework in Frameworks */ = {isa = PBXBuildFile; fileRef = 11B20C431ECDE4ED0031FD3A /* UserNotifications.framework */; };
		115C12EE3000A5EF007EA9A1 /* SystemConfiguration.framework in Frameworks */ = {isa = PBXBuildFile; fileRef = 11AC1D741A68284A00267A8F /* SystemConfiguration.framework */; };
		115C12EF3000A5EF007EA9A1 /* WebKit.framework in Frameworks */ = {isa = PBXBuildFile; fileRef = 11274945242D044800B8E1B8 /* WebKit.framework */; };
		115C12F03000A5EF007EA9A1 /* Security.framework in Frameworks */ = {isa = PBXBuildFile; fileRef = 11AC1D701A68283600267A8F /* Security.framework */; };
		115C12F13000A5EF007EA9A1 /* QuartzCore.framework in Frameworks */ = {isa = PBXBuildFile; fileRef = 11AC1D6E1A68282C00267A8F /* QuartzCore.framework */; };
		115C12F23000A5EF007EA9A1 /* MobileCoreServices.framework in Frameworks */ = {isa = PBXBuildFile; fileRef = 11AC1D6C1A68282100267A8F /* MobileCoreServices.framework */; };
		115C12F33000A5EF007EA9A1 /* CoreLocation.framework in Frameworks */ = {isa = PBXBuildFile; fileRef = 11AC1D6A1A68281500267A8F /* CoreLocation.framework */; };
		115C12F43000A5EF007EA9A1 /* CoreGraphics.framework in Frameworks */ = {isa = PBXBuildFile; fileRef = 11AC1D681A68280A00267A8F /* CoreGraphics.framework */; };
		115C12F53000A5EF007EA9A1 /* CloudKit.framework in Frameworks */ = {isa = PBXBuildFile; fileRef = 11FD1F1D20E006C100BE0141 /* CloudKit.framework */; };
		115C12F63000A5EF007EA9A1 /* CFNetwork.framework in Frameworks */ = {isa = PBXBuildFile; fileRef = 11AC1D661A6827FC00267A8F /* CFNetwork.framework */; };
		115C12F73000A5EF007EA9A1 /* AudioToolbox.framework in Frameworks */ = {isa = PBXBuildFile; fileRef = 11AC1D641A6827F300267A8F /* AudioToolbox.framework */; };
		115C12F93000A5EF007EA9A1 /* SNL-More_Cowbell.mov in Resources */ = {isa = PBXBuildFile; fileRef = 117BAADB2DC1315900A2830A /* SNL-More_Cowbell.mov */; };
		115C12FA3000A5EF007EA9A1 /* Images.xcassets in Resources */ = {isa = PBXBuildFile; fileRef = 1154F6171A575893003F4764 /* Images.xcassets */; };
		115C12FB3000A5EF007EA9A1 /* Info-70K.plist in Resources */ = {isa = PBXBuildFile; fileRef = 1172EE532E5A292E006E3596 /* Info-70K.plist */; };
		115C12FC3000A5EF007EA9A1 /* UILaunchScreen.xib in Resources */ = {isa = PBXBuildFile; fileRef = 1154F6191A575893003F4764 /* UILaunchScreen.xib */; };
		115C12FD3000A5EF007EA9A1 /* UILaunchScreen-MDF.xib in Resources */ = {isa = PBXBuildFile; fileRef = 1172EE652E5A3486006E3596 /* UILaunchScreen-MDF.xib */; };
		115C12FE3000A5EF007EA9A1 /* ApiKeys.plist in Resources */ = {isa = PBXBuildFile; fileRef = 11AC1D7C1A682AF100267A8F /* ApiKeys.plist */; };
		115C12FF3000A5EF007EA9A1 /* Main.storyboard in Resources */ = {isa = PBXBuildFile; fileRef = 114CC0701C79204100CF5BF1 /* Main.storyboard */; };
		115C13003000A5EF007EA9A1 /* CustomListEntry.xib in Resources */ = {isa = PBXBuildFile; fileRef = 11E6F4142AEC6C47007C1387 /* CustomListEntry.xib */; };
		115C13013000A5EF007EA9A1 /* OnMyWayToDeath.wav in Resources */ = {isa = PBXBuildFile; fileRef = 11DCE9BE1A87058000A25FB8 /* OnMyWayToDeath.wav */; };
		115C13023000A5EF007EA9A1 /* DropDownCell.xib in Resources */ = {isa = PBXBuildFile; fileRef = 110E08472AECB6E100075618 /* DropDownCell.xib */; };
		115C13033000A5EF007EA9A1 /* countries.txt in Resources */ = {isa = PBXBuildFile; fileRef = 11D05AAB291C505200D5B002 /* countries.txt */; };
		115C13043000A5EF007EA9A1 /* about-team.png in Resources */ = {isa = PBXBuildFile; fileRef = 11EB86AE2F353160007D5AD0 /* about-team.png */; };
		115C13053000A5EF007EA9A1 /* about-festival-photo.png in Resources */ = {isa = PBXBuildFile; fileRef = 11EB86C02F364000007D5AD0 /* about-festival-photo.png */; };
		115C13063000A5EF007EA9A1 /* about-robert-photo.png in Resources */ = {isa = PBXBuildFile; fileRef = 11EB86D02F364100007D5AD0 /* about-robert-photo.png */; };
		115C13073000A5EF007EA9A1 /* about-leah-photo.png in Resources */ = {isa = PBXBuildFile; fileRef = 11EB86E02F364200007D5AD0 /* about-leah-photo.png */; };
		115C13083000A5EF007EA9A1 /* Localizable.strings in Resources */ = {isa = PBXBuildFile; fileRef = 1172A2251B5AADC900C28AB3 /* Localizable.strings */; };
		115C13093000A5EF007EA9A1 /* Settings.bundle in Resources */ = {isa = PBXBuildFile; fileRef = 114F63AB1A84678D00584AD0 /* Settings.bundle */; };
		115C130A3000A5EF007EA9A1 /* NotificationPayload.apns in Resources */ = {isa = PBXBuildFile; fileRef = 11FBBE1D232F26E000109035 /* NotificationPayload.apns */; };
		115C130B3000A5EF007EA9A1 /* BinaryQRScanner in Frameworks */ = {isa = PBXBuildFile; productRef = 11E8A0622EE8A10008472A3 /* BinaryQRScanner */; };
		115F0DCC2F551A76003CD82C /* AIScheduleBuilder.swift in Sources */ = {isa = PBXBuildFile; fileRef = 115F0DCA2F551A76003CD82C /* AIScheduleBuilder.swift */; };
		115F0DCD2F551A76003CD82C /* CreateAIScheduleSheet.swift in Sources */ = {isa = PBXBuildFile; fileRef = 115F0DCB2F551A76003CD82C /* CreateAIScheduleSheet.swift */; };
		115F0DCE2F551A76003CD82C /* AIScheduleBuilder.swift in Sources */ = {isa = PBXBuildFile; fileRef = 115F0DCA2F551A76003CD82C /* AIScheduleBuilder.swift */; };
		115F0DCF2F551A76003CD82C /* CreateAIScheduleSheet.swift in Sources */ = {isa = PBXBuildFile; fileRef = 115F0DCB2F551A76003CD82C /* CreateAIScheduleSheet.swift */; };
		115F0DD02F551A76003CD82C /* AIScheduleBuilder.swift in Sources */ = {isa = PBXBuildFile; fileRef = 115F0DCA2F551A76003CD82C /* AIScheduleBuilder.swift */; };
		115F0DD12F551A76003CD82C /* CreateAIScheduleSheet.swift in Sources */ = {isa = PBXBuildFile; fileRef = 115F0DCB2F551A76003CD82C /* CreateAIScheduleSheet.swift */; };
		115F0DD32F551DE7003CD82C /* AIScheduleStorage.swift in Sources */ = {isa = PBXBuildFile; fileRef = 115F0DD22F551DE7003CD82C /* AIScheduleStorage.swift */; };
		115F0DD42F551DE7003CD82C /* AIScheduleStorage.swift in Sources */ = {isa = PBXBuildFile; fileRef = 115F0DD22F551DE7003CD82C /* AIScheduleStorage.swift */; };
		115F0DD52F551DE7003CD82C /* AIScheduleStorage.swift in Sources */ = {isa = PBXBuildFile; fileRef = 115F0DD22F551DE7003CD82C /* AIScheduleStorage.swift */; };
		11615BB32E4644ED007BD3D5 /* PreferencesHostingController.swift in Sources */ = {isa = PBXBuildFile; fileRef = 11615BB02E4644ED007BD3D5 /* PreferencesHostingController.swift */; };
		11615BB42E4644ED007BD3D5 /* PreferencesViewModel.swift in Sources */ = {isa = PBXBuildFile; fileRef = 11615BB22E4644ED007BD3D5 /* PreferencesViewModel.swift */; };
		11615BB52E4644ED007BD3D5 /* PreferencesView.swift in Sources */ = {isa = PBXBuildFile; fileRef = 11615BB12E4644ED007BD3D5 /* PreferencesView.swift */; };
		11615BB62E4644ED007BD3D5 /* PreferencesHostingController.swift in Sources */ = {isa = PBXBuildFile; fileRef = 11615BB02E4644ED007BD3D5 /* PreferencesHostingController.swift */; };
		11615BB72E4644ED007BD3D5 /* PreferencesViewModel.swift in Sources */ = {isa = PBXBuildFile; fileRef = 11615BB22E4644ED007BD3D5 /* PreferencesViewModel.swift */; };
		11615BB82E4644ED007BD3D5 /* PreferencesView.swift in Sources */ = {isa = PBXBuildFile; fileRef = 11615BB12E4644ED007BD3D5 /* PreferencesView.swift */; };
		1169374520F555CD00038DA5 /* Reachability.swift in Sources */ = {isa = PBXBuildFile; fileRef = 1169374420F555CD00038DA5 /* Reachability.swift */; };
		1169374620F555D400038DA5 /* Reachability.swift in Sources */ = {isa = PBXBuildFile; fileRef = 1169374420F555CD00038DA5 /* Reachability.swift */; };
		116C9D802F415D370036743C /* FilePaths.swift in Sources */ = {isa = PBXBuildFile; fileRef = 116C9D7C2F415D370036743C /* FilePaths.swift */; };
		116C9D812F415D370036743C /* CSVFields.swift in Sources */ = {isa = PBXBuildFile; fileRef = 116C9D7A2F415D370036743C /* CSVFields.swift */; };
		116C9D822F415D370036743C /* VenueConstants.swift in Sources */ = {isa = PBXBuildFile; fileRef = 116C9D7F2F415D370036743C /* VenueConstants.swift */; };
		116C9D832F415D370036743C /* EventTypes.swift in Sources */ = {isa = PBXBuildFile; fileRef = 116C9D7B2F415D370036743C /* EventTypes.swift */; };
		116C9D842F415D370036743C /* iCloudConstants.swift in Sources */ = {isa = PBXBuildFile; fileRef = 116C9D7D2F415D370036743C /* iCloudConstants.swift */; };
		116C9D852F415D370036743C /* UIConstants.swift in Sources */ = {isa = PBXBuildFile; fileRef = 116C9D7E2F415D370036743C /* UIConstants.swift */; };
		116C9D862F415D370036743C /* AppState.swift in Sources */ = {isa = PBXBuildFile; fileRef = 116C9D792F415D370036743C /* AppState.swift */; };
		116C9D872F415D370036743C /* FilePaths.swift in Sources */ = {isa = PBXBuildFile; fileRef = 116C9D7C2F415D370036743C /* FilePaths.swift */; };
		116C9D882F415D370036743C /* CSVFields.swift in Sources */ = {isa = PBXBuildFile; fileRef = 116C9D7A2F415D370036743C /* CSVFields.swift */; };
		116C9D892F415D370036743C /* VenueConstants.swift in Sources */ = {isa = PBXBuildFile; fileRef = 116C9D7F2F415D370036743C /* VenueConstants.swift */; };
		116C9D8A2F415D370036743C /* EventTypes.swift in Sources */ = {isa = PBXBuildFile; fileRef = 116C9D7B2F415D370036743C /* EventTypes.swift */; };
		116C9D8B2F415D370036743C /* iCloudConstants.swift in Sources */ = {isa = PBXBuildFile; fileRef = 116C9D7D2F415D370036743C /* iCloudConstants.swift */; };
		116C9D8C2F415D370036743C /* UIConstants.swift in Sources */ = {isa = PBXBuildFile; fileRef = 116C9D7E2F415D370036743C /* UIConstants.swift */; };
		116C9D8D2F415D370036743C /* AppState.swift in Sources */ = {isa = PBXBuildFile; fileRef = 116C9D792F415D370036743C /* AppState.swift */; };
		116C9D8E2F415D370036743C /* FilePaths.swift in Sources */ = {isa = PBXBuildFile; fileRef = 116C9D7C2F415D370036743C /* FilePaths.swift */; };
		116C9D8F2F415D370036743C /* CSVFields.swift in Sources */ = {isa = PBXBuildFile; fileRef = 116C9D7A2F415D370036743C /* CSVFields.swift */; };
		116C9D902F415D370036743C /* VenueConstants.swift in Sources */ = {isa = PBXBuildFile; fileRef = 116C9D7F2F415D370036743C /* VenueConstants.swift */; };
		116C9D912F415D370036743C /* EventTypes.swift in Sources */ = {isa = PBXBuildFile; fileRef = 116C9D7B2F415D370036743C /* EventTypes.swift */; };
		116C9D922F415D370036743C /* iCloudConstants.swift in Sources */ = {isa = PBXBuildFile; fileRef = 116C9D7D2F415D370036743C /* iCloudConstants.swift */; };
		116C9D932F415D370036743C /* UIConstants.swift in Sources */ = {isa = PBXBuildFile; fileRef = 116C9D7E2F415D370036743C /* UIConstants.swift */; };
		116C9D942F415D370036743C /* AppState.swift in Sources */ = {isa = PBXBuildFile; fileRef = 116C9D792F415D370036743C /* AppState.swift */; };
		116C9D952F415D370036743C /* YearManagementService.swift in Sources */ = {isa = PBXBuildFile; fileRef = 116C9D802F415D370036743D /* YearManagementService.swift */; };
		116C9D962F415D370036743C /* YearManagementService.swift in Sources */ = {isa = PBXBuildFile; fileRef = 116C9D802F415D370036743D /* YearManagementService.swift */; };
		116C9D972F415D370036743C /* YearManagementService.swift in Sources */ = {isa = PBXBuildFile; fileRef = 116C9D802F415D370036743D /* YearManagementService.swift */; };
		116C9D982F415D370036743E /* MasterViewModel.swift in Sources */ = {isa = PBXBuildFile; fileRef = 116C9D812F415D370036743E /* MasterViewModel.swift */; };
		116C9D992F415D370036743E /* MasterViewModel.swift in Sources */ = {isa = PBXBuildFile; fileRef = 116C9D812F415D370036743E /* MasterViewModel.swift */; };
		116C9D9A2F415D370036743E /* MasterViewModel.swift in Sources */ = {isa = PBXBuildFile; fileRef = 116C9D812F415D370036743E /* MasterViewModel.swift */; };
		116C9D9B2F415D370036743F /* MasterViewCacheManager.swift in Sources */ = {isa = PBXBuildFile; fileRef = 116C9D822F415D370036743F /* MasterViewCacheManager.swift */; };
		116C9D9C2F415D370036743F /* MasterViewCacheManager.swift in Sources */ = {isa = PBXBuildFile; fileRef = 116C9D822F415D370036743F /* MasterViewCacheManager.swift */; };
		116C9D9D2F415D370036743F /* MasterViewCacheManager.swift in Sources */ = {isa = PBXBuildFile; fileRef = 116C9D822F415D370036743F /* MasterViewCacheManager.swift */; };
		116C9D9E2F415D3700367440 /* MasterViewUIManager.swift in Sources */ = {isa = PBXBuildFile; fileRef = 116C9D832F415D3700367440 /* MasterViewUIManager.swift */; };
		116C9D9F2F415D3700367440 /* MasterViewUIManager.swift in Sources */ = {isa = PBXBuildFile; fileRef = 116C9D832F415D3700367440 /* MasterViewUIManager.swift */; };
		116C9DA02F415D3700367440 /* MasterViewUIManager.swift in Sources */ = {isa = PBXBuildFile; fileRef = 116C9D832F415D3700367440 /* MasterViewUIManager.swift */; };
		116C9DA52F415D3700367442 /* MasterViewYearChangeCoordinator.swift in Sources */ = {isa = PBXBuildFile; fileRef = 116C9DA42F415D3700367442 /* MasterViewYearChangeCoordinator.swift */; };
		116C9DA62F415D3700367442 /* MasterViewYearChangeCoordinator.swift in Sources */ = {isa = PBXBuildFile; fileRef = 116C9DA42F415D3700367442 /* MasterViewYearChangeCoordinator.swift */; };
		116C9DA72F415D3700367442 /* MasterViewYearChangeCoordinator.swift in Sources */ = {isa = PBXBuildFile; fileRef = 116C9DA42F415D3700367442 /* MasterViewYearChangeCoordinator.swift */; };
		116C9DB62F415D3700367447 /* MasterViewLandscapeScheduleCoordinator.swift in Sources */ = {isa = PBXBuildFile; fileRef = 116C9DB52F415D3700367447 /* MasterViewLandscapeScheduleCoordinator.swift */; };
		116C9DB72F415D3700367447 /* MasterViewLandscapeScheduleCoordinator.swift in Sources */ = {isa = PBXBuildFile; fileRef = 116C9DB52F415D3700367447 /* MasterViewLandscapeScheduleCoordinator.swift */; };
		116C9DB82F415D3700367447 /* MasterViewLandscapeScheduleCoordinator.swift in Sources */ = {isa = PBXBuildFile; fileRef = 116C9DB52F415D3700367447 /* MasterViewLandscapeScheduleCoordinator.swift */; };
		1172A2391B5AC7DC00C28AB3 /* Localizable.strings in Resources */ = {isa = PBXBuildFile; fileRef = 1172A2251B5AADC900C28AB3 /* Localizable.strings */; };
		1172EDF82E5A1C4D006E3596 /* UtilityHandler.swift in Sources */ = {isa = PBXBuildFile; fileRef = 11ED61801A9103C100D29A5B /* UtilityHandler.swift */; };
		1172EDF92E5A1C4D006E3596 /* ToastMessages.swift in Sources */ = {isa = PBXBuildFile; fileRef = 1187BE1120D6AFC8002F070F /* ToastMessages.swift */; };
		1172EDFA2E5A1C4D006E3596 /* imageHandler.swift in Sources */ = {isa = PBXBuildFile; fileRef = 1154F6301A5758BF003F4764 /* imageHandler.swift */; };
		1172EDFB2E5A1C4D006E3596 /* SwiftUITranslationHelper.swift in Sources */ = {isa = PBXBuildFile; fileRef = 111A936C2E4F8FAB00EA4ABD /* SwiftUITranslationHelper.swift */; };
		1172EDFC2E5A1C4D006E3596 /* userDataHandler.swift in Sources */ = {isa = PBXBuildFile; fileRef = 11ABAA5F222C7EFF00A04397 /* userDataHandler.swift */; };
		1172EDFD2E5A1C4D006E3596 /* firebaseBandDataWrite.swift in Sources */ = {isa = PBXBuildFile; fileRef = 11D4844A2241DA0C00910878 /* firebaseBandDataWrite.swift */; };
		1172EDFE2E5A1C4D006E3596 /* SortFilterMenuController.swift in Sources */ = {isa = PBXBuildFile; fileRef = 11942FD31D0CE33D0078A422 /* SortFilterMenuController.swift */; };
		1172EDFF2E5A1C4D006E3596 /* ShowsAttended.swift in Sources */ = {isa = PBXBuildFile; fileRef = 11AE985220CDFE890007C4E1 /* ShowsAttended.swift */; };
		1172EE002E5A1C4D006E3596 /* CustomListEntry.swift in Sources */ = {isa = PBXBuildFile; fileRef = 119434B32B1FCFA000DA3F87 /* CustomListEntry.swift */; };
		1172EE012E5A1C4D006E3596 /* variableStore.swift in Sources */ = {isa = PBXBuildFile; fileRef = 115213282A69E23C0017DD9F /* variableStore.swift */; };
		1172EE022E5A1C4D006E3596 /* Constants.swift in Sources */ = {isa = PBXBuildFile; fileRef = 11DCE9BC1A86F9E000A25FB8 /* Constants.swift */; };
		1172EE032E5A1C4D006E3596 /* DropDownCell.swift in Sources */ = {isa = PBXBuildFile; fileRef = 110E084D2AECB6E200075618 /* DropDownCell.swift */; };
		1172EE042E5A1C4D006E3596 /* iCloudDataHandler.swift in Sources */ = {isa = PBXBuildFile; fileRef = 119A867322D12FA700D23233 /* iCloudDataHandler.swift */; };
		1172EE052E5A1C4D006E3596 /* firebaseUserWrite.swift in Sources */ = {isa = PBXBuildFile; fileRef = 11D4844422418A9E00910878 /* firebaseUserWrite.swift */; };
		1172EE062E5A1C4D006E3596 /* firebaseEventDataWrite.swift in Sources */ = {isa = PBXBuildFile; fileRef = 11D4844D2241DED700910878 /* firebaseEventDataWrite.swift */; };
		1172EE072E5A1C4D006E3596 /* webViewController.swift in Sources */ = {isa = PBXBuildFile; fileRef = 11BE68F41A59C45100602EC7 /* webViewController.swift */; };
		1172EE082E5A1C4D006E3596 /* DropDown.swift in Sources */ = {isa = PBXBuildFile; fileRef = 110E08482AECB6E100075618 /* DropDown.swift */; };
		1172EE092E5A1C4D006E3596 /* CSV.swift in Sources */ = {isa = PBXBuildFile; fileRef = 11C8BDC91A7D398400037F2B /* CSV.swift */; };
		1172EE0A2E5A1C4D006E3596 /* CombinedImageListHandler.swift in Sources */ = {isa = PBXBuildFile; fileRef = 110FA1602E3BAF7B003A0184 /* CombinedImageListHandler.swift */; };
		1172EE0B2E5A1C4D006E3596 /* dataHandler.swift in Sources */ = {isa = PBXBuildFile; fileRef = 11DAB49A1A5DDA9400A8B12E /* dataHandler.swift */; };
		1172EE0C2E5A1C4D006E3596 /* DPDKeyboardListener.swift in Sources */ = {isa = PBXBuildFile; fileRef = 110E08492AECB6E100075618 /* DPDKeyboardListener.swift */; };
		1172EE0D2E5A1C4D006E3596 /* DPDConstants.swift in Sources */ = {isa = PBXBuildFile; fileRef = 110E084B2AECB6E100075618 /* DPDConstants.swift */; };
		1172EE0E2E5A1C4D006E3596 /* ShowAttendedReport.swift in Sources */ = {isa = PBXBuildFile; fileRef = 11111FA620D03D77008E41F6 /* ShowAttendedReport.swift */; };
		1172EE0F2E5A1C4D006E3596 /* _0000TonsBands.xcdatamodeld in Sources */ = {isa = PBXBuildFile; fileRef = 1154F60D1A575893003F4764 /* _0000TonsBands.xcdatamodeld */; };
		1172EE102E5A1C4D006E3596 /* DetailHostingController.swift in Sources */ = {isa = PBXBuildFile; fileRef = 1175C9382E4D2C5A0074E2F2 /* DetailHostingController.swift */; };
		1172EE112E5A1C4D006E3596 /* DetailView.swift in Sources */ = {isa = PBXBuildFile; fileRef = 1175C9392E4D2C5A0074E2F2 /* DetailView.swift */; };
		1172EE122E5A1C4D006E3596 /* DetailViewModel.swift in Sources */ = {isa = PBXBuildFile; fileRef = 1175C93A2E4D2C5A0074E2F2 /* DetailViewModel.swift */; };
		1172EE122E5A1C4D006E3597 /* DeviceSizeManager.swift in Sources */ = {isa = PBXBuildFile; fileRef = 1175C93A2E4D2C5A0074E2F3 /* DeviceSizeManager.swift */; };
		1172EE132E5A1C4D006E3596 /* BandDescriptionTranslator.swift in Sources */ = {isa = PBXBuildFile; fileRef = 114B5C082E468DCE0030CA9D /* BandDescriptionTranslator.swift */; };
		1172EE142E5A1C4D006E3596 /* PreferencesHostingController.swift in Sources */ = {isa = PBXBuildFile; fileRef = 11615BB02E4644ED007BD3D5 /* PreferencesHostingController.swift */; };
		1172EE152E5A1C4D006E3596 /* PreferencesViewModel.swift in Sources */ = {isa = PBXBuildFile; fileRef = 11615BB22E4644ED007BD3D5 /* PreferencesViewModel.swift */; };
		1172EE162E5A1C4D006E3596 /* PreferencesView.swift in Sources */ = {isa = PBXBuildFile; fileRef = 11615BB12E4644ED007BD3D5 /* PreferencesView.swift */; };
		1172EE172E5A1C4D006E3596 /* AppDelegate.swift in Sources */ = {isa = PBXBuildFile; fileRef = 1154F60B1A575893003F4764 /* AppDelegate.swift */; };
		1172EE182E5A1C4D006E3596 /* Reachability.swift in Sources */ = {isa = PBXBuildFile; fileRef = 1169374420F555CD00038DA5 /* Reachability.swift */; };
		1172EE192E5A1C4D006E3596 /* bandNamesHandler.swift in Sources */ = {isa = PBXBuildFile; fileRef = 1154F6321A5758D3003F4764 /* bandNamesHandler.swift */; };
		1172EE1A2E5A1C4D006E3596 /* mainListController.swift in Sources */ = {isa = PBXBuildFile; fileRef = 11DCE9B31A856EE600A25FB8 /* mainListController.swift */; };
		1172EE1B2E5A1C4D006E3596 /* localNotificationHandler.swift in Sources */ = {isa = PBXBuildFile; fileRef = 11DCE9B51A85B9FF00A25FB8 /* localNotificationHandler.swift */; };
		1172EE1C2E5A1C4D006E3596 /* urlStorage.swift in Sources */ = {isa = PBXBuildFile; fileRef = 1156B4F41A6613E700D48D12 /* urlStorage.swift */; };
		1172EE1D2E5A1C4D006E3596 /* NetworkTesting.swift in Sources */ = {isa = PBXBuildFile; fileRef = 1122E3ED23DC8E38005EE50D /* NetworkTesting.swift */; };
		1172EE1E2E5A1C4D006E3596 /* MasterViewController.swift in Sources */ = {isa = PBXBuildFile; fileRef = 1154F6101A575893003F4764 /* MasterViewController.swift */; };
		1172EE1F2E5A1C4D006E3596 /* DropDown+Appearance.swift in Sources */ = {isa = PBXBuildFile; fileRef = 110E084A2AECB6E100075618 /* DropDown+Appearance.swift */; };
		1172EE202E5A1C4D006E3596 /* httpHandler.swift in Sources */ = {isa = PBXBuildFile; fileRef = 11C8BDC71A7D264F00037F2B /* httpHandler.swift */; };
		1172EE212E5A1C4D006E3596 /* DPDUIView+Extension.swift in Sources */ = {isa = PBXBuildFile; fileRef = 110E084C2AECB6E200075618 /* DPDUIView+Extension.swift */; };
		1172EE222E5A1C4D006E3596 /* guiIcons.swift in Sources */ = {isa = PBXBuildFile; fileRef = 1156B4F21A660BE500D48D12 /* guiIcons.swift */; };
		1172EE232E5A1C4D006E3596 /* Settings70k.swift in Sources */ = {isa = PBXBuildFile; fileRef = 11E4EDA92ACBAE5E0036D002 /* Settings70k.swift */; };
		1172EE242E5A1C4D006E3596 /* countryHandler.swift in Sources */ = {isa = PBXBuildFile; fileRef = 11D05AAC291C545000D5B002 /* countryHandler.swift */; };
		1172EE252E5A1C4D006E3596 /* CustomBandDescription.swift in Sources */ = {isa = PBXBuildFile; fileRef = 110924351F748601002237AB /* CustomBandDescription.swift */; };
		1172EE262E5A1C4D006E3596 /* scheduleHandler.swift in Sources */ = {isa = PBXBuildFile; fileRef = 11C8BDC51A7D25E700037F2B /* scheduleHandler.swift */; };
		1172EE282E5A1C4D006E3596 /* UserNotifications.framework in Frameworks */ = {isa = PBXBuildFile; fileRef = 11B20C431ECDE4ED0031FD3A /* UserNotifications.framework */; };
		1172EE292E5A1C4D006E3596 /* SystemConfiguration.framework in Frameworks */ = {isa = PBXBuildFile; fileRef = 11AC1D741A68284A00267A8F /* SystemConfiguration.framework */; };
		1172EE2A2E5A1C4D006E3596 /* WebKit.framework in Frameworks */ = {isa = PBXBuildFile; fileRef = 11274945242D044800B8E1B8 /* WebKit.framework */; };
		1172EE2B2E5A1C4D006E3596 /* Security.framework in Frameworks */ = {isa = PBXBuildFile; fileRef = 11AC1D701A68283600267A8F /* Security.framework */; };
		1172EE2C2E5A1C4D006E3596 /* QuartzCore.framework in Frameworks */ = {isa = PBXBuildFile; fileRef = 11AC1D6E1A68282C00267A8F /* QuartzCore.framework */; };
		1172EE2D2E5A1C4D006E3596 /* MobileCoreServices.framework in Frameworks */ = {isa = PBXBuildFile; fileRef = 11AC1D6C1A68282100267A8F /* MobileCoreServices.framework */; };
		1172EE2E2E5A1C4D006E3596 /* CoreLocation.framework in Frameworks */ = {isa = PBXBuildFile; fileRef = 11AC1D6A1A68281500267A8F /* CoreLocation.framework */; };
		1172EE2F2E5A1C4D006E3596 /* CoreGraphics.framework in Frameworks */ = {isa = PBXBuildFile; fileRef = 11AC1D681A68280A00267A8F /* CoreGraphics.framework */; };
		1172EE302E5A1C4D006E3596 /* CloudKit.framework in Frameworks */ = {isa = PBXBuildFile; fileRef = 11FD1F1D20E006C100BE0141 /* CloudKit.framework */; };
		1172EE312E5A1C4D006E3596 /* CFNetwork.framework in Frameworks */ = {isa = PBXBuildFile; fileRef = 11AC1D661A6827FC00267A8F /* CFNetwork.framework */; };
		1172EE322E5A1C4D006E3596 /* AudioToolbox.framework in Frameworks */ = {isa = PBXBuildFile; fileRef = 11AC1D641A6827F300267A8F /* AudioToolbox.framework */; };
		1172EE362E5A1C4D006E3596 /* SNL-More_Cowbell.mov in Resources */ = {isa = PBXBuildFile; fileRef = 117BAADB2DC1315900A2830A /* SNL-More_Cowbell.mov */; };
		1172EE372E5A1C4D006E3596 /* UILaunchScreen.xib in Resources */ = {isa = PBXBuildFile; fileRef = 1154F6191A575893003F4764 /* UILaunchScreen.xib */; };
		1172EE382E5A1C4D006E3596 /* ApiKeys.plist in Resources */ = {isa = PBXBuildFile; fileRef = 11AC1D7C1A682AF100267A8F /* ApiKeys.plist */; };
		1172EE392E5A1C4D006E3596 /* Main.storyboard in Resources */ = {isa = PBXBuildFile; fileRef = 114CC0701C79204100CF5BF1 /* Main.storyboard */; };
		1172EE3A2E5A1C4D006E3596 /* CustomListEntry.xib in Resources */ = {isa = PBXBuildFile; fileRef = 11E6F4142AEC6C47007C1387 /* CustomListEntry.xib */; };
		1172EE3C2E5A1C4D006E3596 /* OnMyWayToDeath.wav in Resources */ = {isa = PBXBuildFile; fileRef = 11DCE9BE1A87058000A25FB8 /* OnMyWayToDeath.wav */; };
		1172EE3D2E5A1C4D006E3596 /* DropDownCell.xib in Resources */ = {isa = PBXBuildFile; fileRef = 110E08472AECB6E100075618 /* DropDownCell.xib */; };
		1172EE3E2E5A1C4D006E3596 /* countries.txt in Resources */ = {isa = PBXBuildFile; fileRef = 11D05AAB291C505200D5B002 /* countries.txt */; };
		1172EE3F2E5A1C4D006E3596 /* Localizable.strings in Resources */ = {isa = PBXBuildFile; fileRef = 1172A2251B5AADC900C28AB3 /* Localizable.strings */; };
		1172EE402E5A1C4D006E3596 /* Settings.bundle in Resources */ = {isa = PBXBuildFile; fileRef = 114F63AB1A84678D00584AD0 /* Settings.bundle */; };
		1172EE422E5A1C4D006E3596 /* NotificationPayload.apns in Resources */ = {isa = PBXBuildFile; fileRef = 11FBBE1D232F26E000109035 /* NotificationPayload.apns */; };
		1172EE4A2E5A2604006E3596 /* GoogleService-Info-MDF.plist in Resources */ = {isa = PBXBuildFile; fileRef = 1172EE492E5A2604006E3596 /* GoogleService-Info-MDF.plist */; };
		1172EE4C2E5A26C9006E3596 /* GoogleService-Info-70K.plist in Resources */ = {isa = PBXBuildFile; fileRef = 1172EE4B2E5A26C9006E3596 /* GoogleService-Info-70K.plist */; };
		1172EE562E5A292E006E3596 /* Info-MDF.plist in Resources */ = {isa = PBXBuildFile; fileRef = 1172EE542E5A292E006E3596 /* Info-MDF.plist */; };
		1172EE572E5A292E006E3596 /* Info-70K.plist in Resources */ = {isa = PBXBuildFile; fileRef = 1172EE532E5A292E006E3596 /* Info-70K.plist */; };
		1172EE582E5A292E006E3596 /* preferenceDefault.swift in Sources */ = {isa = PBXBuildFile; fileRef = 1172EE552E5A292E006E3596 /* preferenceDefault.swift */; };
		1172EE592E5A292E006E3596 /* ConfigurationTest.swift in Sources */ = {isa = PBXBuildFile; fileRef = 1172EE512E5A292E006E3596 /* ConfigurationTest.swift */; };
		1172EE5A2E5A292E006E3596 /* FestivalConfig.swift in Sources */ = {isa = PBXBuildFile; fileRef = 1172EE522E5A292E006E3596 /* FestivalConfig.swift */; };
		1172EE5B2E5A292E006E3596 /* preferenceDefault.swift in Sources */ = {isa = PBXBuildFile; fileRef = 1172EE552E5A292E006E3596 /* preferenceDefault.swift */; };
		1172EE5C2E5A292E006E3596 /* ConfigurationTest.swift in Sources */ = {isa = PBXBuildFile; fileRef = 1172EE512E5A292E006E3596 /* ConfigurationTest.swift */; };
		1172EE5D2E5A292E006E3596 /* FestivalConfig.swift in Sources */ = {isa = PBXBuildFile; fileRef = 1172EE522E5A292E006E3596 /* FestivalConfig.swift */; };
		1172EE5E2E5A292E006E3596 /* Info-MDF.plist in Resources */ = {isa = PBXBuildFile; fileRef = 1172EE542E5A292E006E3596 /* Info-MDF.plist */; };
		1172EE5F2E5A292E006E3596 /* Info-70K.plist in Resources */ = {isa = PBXBuildFile; fileRef = 1172EE532E5A292E006E3596 /* Info-70K.plist */; };
		1172EE602E5A292E006E3596 /* Info-MDF.plist in Resources */ = {isa = PBXBuildFile; fileRef = 1172EE542E5A292E006E3596 /* Info-MDF.plist */; };
		1172EE612E5A292E006E3596 /* Info-70K.plist in Resources */ = {isa = PBXBuildFile; fileRef = 1172EE532E5A292E006E3596 /* Info-70K.plist */; };
		1172EE622E5A292E006E3596 /* preferenceDefault.swift in Sources */ = {isa = PBXBuildFile; fileRef = 1172EE552E5A292E006E3596 /* preferenceDefault.swift */; };
		1172EE632E5A292E006E3596 /* ConfigurationTest.swift in Sources */ = {isa = PBXBuildFile; fileRef = 1172EE512E5A292E006E3596 /* ConfigurationTest.swift */; };
		1172EE642E5A292E006E3596 /* FestivalConfig.swift in Sources */ = {isa = PBXBuildFile; fileRef = 1172EE522E5A292E006E3596 /* FestivalConfig.swift */; };
		1172EE672E5A3486006E3596 /* UILaunchScreen-MDF.xib in Resources */ = {isa = PBXBuildFile; fileRef = 1172EE652E5A3486006E3596 /* UILaunchScreen-MDF.xib */; };
		1172EE682E5A3486006E3596 /* UILaunchScreen-MDF.xib in Resources */ = {isa = PBXBuildFile; fileRef = 1172EE652E5A3486006E3596 /* UILaunchScreen-MDF.xib */; };
		1172EE692E5A44F4006E3596 /* Images.xcassets in Resources */ = {isa = PBXBuildFile; fileRef = 1154F6171A575893003F4764 /* Images.xcassets */; };
		1175C93B2E4D2C5A0074E2F2 /* DetailHostingController.swift in Sources */ = {isa = PBXBuildFile; fileRef = 1175C9382E4D2C5A0074E2F2 /* DetailHostingController.swift */; };
		1175C93C2E4D2C5A0074E2F2 /* DetailView.swift in Sources */ = {isa = PBXBuildFile; fileRef = 1175C9392E4D2C5A0074E2F2 /* DetailView.swift */; };
		1175C93D2E4D2C5A0074E2F2 /* DetailViewModel.swift in Sources */ = {isa = PBXBuildFile; fileRef = 1175C93A2E4D2C5A0074E2F2 /* DetailViewModel.swift */; };
		1175C93D2E4D2C5A0074E2F3 /* DeviceSizeManager.swift in Sources */ = {isa = PBXBuildFile; fileRef = 1175C93A2E4D2C5A0074E2F3 /* DeviceSizeManager.swift */; };
		1175C93E2E4D2C5A0074E2F2 /* DetailHostingController.swift in Sources */ = {isa = PBXBuildFile; fileRef = 1175C9382E4D2C5A0074E2F2 /* DetailHostingController.swift */; };
		1175C93F2E4D2C5A0074E2F2 /* DetailView.swift in Sources */ = {isa = PBXBuildFile; fileRef = 1175C9392E4D2C5A0074E2F2 /* DetailView.swift */; };
		1175C9402E4D2C5A0074E2F2 /* DetailViewModel.swift in Sources */ = {isa = PBXBuildFile; fileRef = 1175C93A2E4D2C5A0074E2F2 /* DetailViewModel.swift */; };
		1175C9402E4D2C5A0074E2F3 /* DeviceSizeManager.swift in Sources */ = {isa = PBXBuildFile; fileRef = 1175C93A2E4D2C5A0074E2F3 /* DeviceSizeManager.swift */; };
		117BAADC2DC1315900A2830A /* SNL-More_Cowbell.mov in Resources */ = {isa = PBXBuildFile; fileRef = 117BAADB2DC1315900A2830A /* SNL-More_Cowbell.mov */; };
		117BAADD2DC1315900A2830A /* SNL-More_Cowbell.mov in Resources */ = {isa = PBXBuildFile; fileRef = 117BAADB2DC1315900A2830A /* SNL-More_Cowbell.mov */; };
		1187BE1220D6AFC8002F070F /* ToastMessages.swift in Sources */ = {isa = PBXBuildFile; fileRef = 1187BE1120D6AFC8002F070F /* ToastMessages.swift */; };
		1187BE1320D6AFC8002F070F /* ToastMessages.swift in Sources */ = {isa = PBXBuildFile; fileRef = 1187BE1120D6AFC8002F070F /* ToastMessages.swift */; };
		11895B972EE4C8EB008CC4A9 /* DataManager.swift in Sources */ = {isa = PBXBuildFile; fileRef = 11895B962EE4C8EB008CC4A9 /* DataManager.swift */; };
		11895B982EE4C8EB008CC4A9 /* DataManager.swift in Sources */ = {isa = PBXBuildFile; fileRef = 11895B962EE4C8EB008CC4A9 /* DataManager.swift */; };
		11895B992EE4C8EB008CC4A9 /* DataManager.swift in Sources */ = {isa = PBXBuildFile; fileRef = 11895B962EE4C8EB008CC4A9 /* DataManager.swift */; };
		11895B9C2EE4D4F1008CC4A9 /* SQLiteDataManager.swift in Sources */ = {isa = PBXBuildFile; fileRef = 11895B9B2EE4D4F1008CC4A9 /* SQLiteDataManager.swift */; };
		11895B9E2EE4D4F1008CC4A9 /* SQLiteDataManager.swift in Sources */ = {isa = PBXBuildFile; fileRef = 11895B9B2EE4D4F1008CC4A9 /* SQLiteDataManager.swift */; };
		11895BA02EE4D4F1008CC4A9 /* SQLiteDataManager.swift in Sources */ = {isa = PBXBuildFile; fileRef = 11895B9B2EE4D4F1008CC4A9 /* SQLiteDataManager.swift */; };
		11895BA32EE4F0DB008CC4A9 /* DataModels.swift in Sources */ = {isa = PBXBuildFile; fileRef = 11895BA22EE4F0DB008CC4A9 /* DataModels.swift */; };
		11895BA42EE4F0DB008CC4A9 /* DataModels.swift in Sources */ = {isa = PBXBuildFile; fileRef = 11895BA22EE4F0DB008CC4A9 /* DataModels.swift */; };
		11895BA52EE4F0DB008CC4A9 /* DataModels.swift in Sources */ = {isa = PBXBuildFile; fileRef = 11895BA22EE4F0DB008CC4A9 /* DataModels.swift */; };
		11942FD41D0CE33D0078A422 /* SortFilterMenuController.swift in Sources */ = {isa = PBXBuildFile; fileRef = 11942FD31D0CE33D0078A422 /* SortFilterMenuController.swift */; };
		119434B42B1FCFA000DA3F87 /* CustomListEntry.swift in Sources */ = {isa = PBXBuildFile; fileRef = 119434B32B1FCFA000DA3F87 /* CustomListEntry.swift */; };
		119434B52B1FCFA000DA3F87 /* CustomListEntry.swift in Sources */ = {isa = PBXBuildFile; fileRef = 119434B32B1FCFA000DA3F87 /* CustomListEntry.swift */; };
		119A867422D12FA700D23233 /* iCloudDataHandler.swift in Sources */ = {isa = PBXBuildFile; fileRef = 119A867322D12FA700D23233 /* iCloudDataHandler.swift */; };
		119A867522D12FA700D23233 /* iCloudDataHandler.swift in Sources */ = {isa = PBXBuildFile; fileRef = 119A867322D12FA700D23233 /* iCloudDataHandler.swift */; };
		119C803E2F4CEB5700304A1D /* PortraitFilterSheetView.swift in Sources */ = {isa = PBXBuildFile; fileRef = 119C803C2F4CEB5700304A1D /* PortraitFilterSheetView.swift */; };
		119C80402F4CEB5700304A1D /* PortraitFilterSheetView.swift in Sources */ = {isa = PBXBuildFile; fileRef = 119C803C2F4CEB5700304A1D /* PortraitFilterSheetView.swift */; };
		119C80422F4CEB5700304A1D /* PortraitFilterSheetView.swift in Sources */ = {isa = PBXBuildFile; fileRef = 119C803C2F4CEB5700304A1D /* PortraitFilterSheetView.swift */; };
		119C80442F4CF06500304A1D /* CommonFilterSheetView.swift in Sources */ = {isa = PBXBuildFile; fileRef = 119C80432F4CF06500304A1D /* CommonFilterSheetView.swift */; };
		119C80452F4CF06500304A1D /* CommonFilterSheetView.swift in Sources */ = {isa = PBXBuildFile; fileRef = 119C80432F4CF06500304A1D /* CommonFilterSheetView.swift */; };
		119C80462F4CF06500304A1D /* CommonFilterSheetView.swift in Sources */ = {isa = PBXBuildFile; fileRef = 119C80432F4CF06500304A1D /* CommonFilterSheetView.swift */; };
		119E2B112FDB89B1003550EB /* BinaryQRScanner in Frameworks */ = {isa = PBXBuildFile; productRef = 11E8A0622EE8A10008472A3 /* BinaryQRScanner */; };
		119E86FF50E264D1F4F22852 /* PreferencesHostingController.swift in Sources */ = {isa = PBXBuildFile; fileRef = 11615BB02E4644ED007BD3D5 /* PreferencesHostingController.swift */; };
		11ABAA60222C7F0000A04397 /* userDataHandler.swift in Sources */ = {isa = PBXBuildFile; fileRef = 11ABAA5F222C7EFF00A04397 /* userDataHandler.swift */; };
		11ABAA61222C7F0000A04397 /* userDataHandler.swift in Sources */ = {isa = PBXBuildFile; fileRef = 11ABAA5F222C7EFF00A04397 /* userDataHandler.swift */; };
		11AC1D651A6827F300267A8F /* AudioToolbox.framework in Frameworks */ = {isa = PBXBuildFile; fileRef = 11AC1D641A6827F300267A8F /* AudioToolbox.framework */; };
		11AC1D671A6827FC00267A8F /* CFNetwork.framework in Frameworks */ = {isa = PBXBuildFile; fileRef = 11AC1D661A6827FC00267A8F /* CFNetwork.framework */; };
		11AC1D691A68280A00267A8F /* CoreGraphics.framework in Frameworks */ = {isa = PBXBuildFile; fileRef = 11AC1D681A68280A00267A8F /* CoreGraphics.framework */; };
		11AC1D6B1A68281500267A8F /* CoreLocation.framework in Frameworks */ = {isa = PBXBuildFile; fileRef = 11AC1D6A1A68281500267A8F /* CoreLocation.framework */; };
		11AC1D6D1A68282100267A8F /* MobileCoreServices.framework in Frameworks */ = {isa = PBXBuildFile; fileRef = 11AC1D6C1A68282100267A8F /* MobileCoreServices.framework */; };
		11AC1D6F1A68282C00267A8F /* QuartzCore.framework in Frameworks */ = {isa = PBXBuildFile; fileRef = 11AC1D6E1A68282C00267A8F /* QuartzCore.framework */; };
		11AC1D711A68283600267A8F /* Security.framework in Frameworks */ = {isa = PBXBuildFile; fileRef = 11AC1D701A68283600267A8F /* Security.framework */; };
		11AC1D751A68284A00267A8F /* SystemConfiguration.framework in Frameworks */ = {isa = PBXBuildFile; fileRef = 11AC1D741A68284A00267A8F /* SystemConfiguration.framework */; };
		11AE985320CDFE890007C4E1 /* ShowsAttended.swift in Sources */ = {isa = PBXBuildFile; fileRef = 11AE985220CDFE890007C4E1 /* ShowsAttended.swift */; };
		11AE9BE720CE12C20007C4E1 /* ShowsAttended.swift in Sources */ = {isa = PBXBuildFile; fileRef = 11AE985220CDFE890007C4E1 /* ShowsAttended.swift */; };
		11B20C441ECDE4EE0031FD3A /* UserNotifications.framework in Frameworks */ = {isa = PBXBuildFile; fileRef = 11B20C431ECDE4ED0031FD3A /* UserNotifications.framework */; };
		11BE68F51A59C45100602EC7 /* webViewController.swift in Sources */ = {isa = PBXBuildFile; fileRef = 11BE68F41A59C45100602EC7 /* webViewController.swift */; };
		11BEEA0E300141FA004F14F5 /* GoogleService-Info-MMF.plist in Resources */ = {isa = PBXBuildFile; fileRef = 623E8E20310107DE3AB5199E /* GoogleService-Info-MMF.plist */; };
